
Microsoft Visual Studio Solution File, Format Version 12.00
# Visual Studio Version 17
VisualStudioVersion = 17.8.34330.188
MinimumVisualStudioVersion = 10.0.40219.1
Project("{FAE04EC0-301F-11D3-BF4B-00C04F79EFBC}") = "library", "library\library.csproj", "{148459CC-D4AA-4CB4-8EB4-732C9D1843AE}"
EndProject
Global
	GlobalSection(SolutionConfigurationPlatforms) = preSolution
		Debug|Any CPU = Debug|Any CPU
		Release|Any CPU = Release|Any CPU
	EndGlobalSection
	GlobalSection(ProjectConfigurationPlatforms) = postSolution
		{148459CC-D4AA-4CB4-8EB4-732C9D1843AE}.Debug|Any CPU.ActiveCfg = Debug|Any CPU
		{148459CC-D4AA-4CB4-8EB4-732C9D1843AE}.Debug|Any CPU.Build.0 = Debug|Any CPU
		{148459CC-D4AA-4CB4-8EB4-732C9D1843AE}.Release|Any CPU.ActiveCfg = Release|Any CPU
		{148459CC-D4AA-4CB4-8EB4-732C9D1843AE}.Release|Any CPU.Build.0 = Release|Any CPU
	EndGlobalSection
	GlobalSection(SolutionProperties) = preSolution
		HideSolutionNode = FALSE
	EndGlobalSection
	GlobalSection(ExtensibilityGlobals) = postSolution
		SolutionGuid = {6AD4D09F-E0F3-409C-B5D6-BD1853DA194D}
	EndGlobalSection
EndGlobal
